
Microsoft Visual Studio Solution File, Format Version 12.00
# Visual Studio Version 17
VisualStudioVersion = 17.3.32901.215
MinimumVisualStudioVersion = 10.0.40219.1
Project("{FAE04EC0-301F-11D3-BF4B-00C04F79EFBC}") = "consoleTest", "consoleTest\consoleTest.csproj", "{B1092378-BEC8-4C6A-9040-0FE1829E0447}"
EndProject
Global
	GlobalSection(SolutionConfigurationPlatforms) = preSolution
		Debug|Any CPU = Debug|Any CPU
		Release|Any CPU = Release|Any CPU
	EndGlobalSection
	GlobalSection(ProjectConfigurationPlatforms) = postSolution
		{B1092378-BEC8-4C6A-9040-0FE1829E0447}.Debug|Any CPU.ActiveCfg = Debug|Any CPU
		{B1092378-BEC8-4C6A-9040-0FE1829E0447}.Debug|Any CPU.Build.0 = Debug|Any CPU
		{B1092378-BEC8-4C6A-9040-0FE1829E0447}.Release|Any CPU.ActiveCfg = Release|Any CPU
		{B1092378-BEC8-4C6A-9040-0FE1829E0447}.Release|Any CPU.Build.0 = Release|Any CPU
	EndGlobalSection
	GlobalSection(SolutionProperties) = preSolution
		HideSolutionNode = FALSE
	EndGlobalSection
	GlobalSection(ExtensibilityGlobals) = postSolution
		SolutionGuid = {066AB4C1-58F5-4631-854F-0F614CDF9D33}
	EndGlobalSection
EndGlobal
